
Microsoft Visual Studio Solution File, Format Version 12.00
# Visual Studio Version 16
VisualStudioVersion = 16.0.31105.61
MinimumVisualStudioVersion = 10.0.40219.1
Project("{9A19103F-16F7-4668-BE54-9A1E7A4F7556}") = "StudentGrades.DAL", "StudentGrades.DAL\StudentGrades.DAL.csproj", "{87766541-79EE-463D-87DB-61E24F72CA6A}"
EndProject
Project("{9A19103F-16F7-4668-BE54-9A1E7A4F7556}") = "StudentGrades.BLL", "StudentGrades.BLL\StudentGrades.BLL.csproj", "{18B3FC3F-4209-4180-A003-AFA1B4F1418E}"
EndProject
Project("{9A19103F-16F7-4668-BE54-9A1E7A4F7556}") = "StudentGrades.APP", "StudentGrades.APP\StudentGrades.APP.csproj", "{7B6F4EAA-3E0D-4397-91BE-3A7B1213B432}"
EndProject
Global
	GlobalSection(SolutionConfigurationPlatforms) = preSolution
		Debug|Any CPU = Debug|Any CPU
		Release|Any CPU = Release|Any CPU
	EndGlobalSection
	GlobalSection(ProjectConfigurationPlatforms) = postSolution
		{87766541-79EE-463D-87DB-61E24F72CA6A}.Debug|Any CPU.ActiveCfg = Debug|Any CPU
		{87766541-79EE-463D-87DB-61E24F72CA6A}.Debug|Any CPU.Build.0 = Debug|Any CPU
		{87766541-79EE-463D-87DB-61E24F72CA6A}.Release|Any CPU.ActiveCfg = Release|Any CPU
		{87766541-79EE-463D-87DB-61E24F72CA6A}.Release|Any CPU.Build.0 = Release|Any CPU
		{18B3FC3F-4209-4180-A003-AFA1B4F1418E}.Debug|Any CPU.ActiveCfg = Debug|Any CPU
		{18B3FC3F-4209-4180-A003-AFA1B4F1418E}.Debug|Any CPU.Build.0 = Debug|Any CPU
		{18B3FC3F-4209-4180-A003-AFA1B4F1418E}.Release|Any CPU.ActiveCfg = Release|Any CPU
		{18B3FC3F-4209-4180-A003-AFA1B4F1418E}.Release|Any CPU.Build.0 = Release|Any CPU
		{7B6F4EAA-3E0D-4397-91BE-3A7B1213B432}.Debug|Any CPU.ActiveCfg = Debug|Any CPU
		{7B6F4EAA-3E0D-4397-91BE-3A7B1213B432}.Debug|Any CPU.Build.0 = Debug|Any CPU
		{7B6F4EAA-3E0D-4397-91BE-3A7B1213B432}.Release|Any CPU.ActiveCfg = Release|Any CPU
		{7B6F4EAA-3E0D-4397-91BE-3A7B1213B432}.Release|Any CPU.Build.0 = Release|Any CPU
	EndGlobalSection
	GlobalSection(SolutionProperties) = preSolution
		HideSolutionNode = FALSE
	EndGlobalSection
	GlobalSection(ExtensibilityGlobals) = postSolution
		SolutionGuid = {D0CB3F33-06DE-4B51-BC25-4B0ED10C6DEC}
	EndGlobalSection
EndGlobal
